// !$*UTF8*$!
{
	archiveVersion = 1;
	classes = {
	};
	objectVersion = 51;
	objects = {

/* Begin PBXBuildFile section */
		678D91719B40177004B1D086 /* Pods_agendaiOS.framework in Frameworks */ = {isa = PBXBuildFile; fileRef = B03AD12D6532DE8D85FAD9B9 /* Pods_agendaiOS.framework */; };
		AC0F6E0A255224150029302A /* ContactTableViewCell.xib in Resources */ = {isa = PBXBuildFile; fileRef = AC0F6E09255224150029302A /* ContactTableViewCell.xib */; };
		AC0F6E0C2552250E0029302A /* ContactTableViewCell.swift in Sources */ = {isa = PBXBuildFile; fileRef = AC0F6E0B2552250E0029302A /* ContactTableViewCell.swift */; };
		AC0F6E0E255228330029302A /* ContactDetailViewController.swift in Sources */ = {isa = PBXBuildFile; fileRef = AC0F6E0D255228330029302A /* ContactDetailViewController.swift */; };
		AC659EC32550F28A00F5B84E /* AppDelegate.swift in Sources */ = {isa = PBXBuildFile; fileRef = AC659EC22550F28A00F5B84E /* AppDelegate.swift */; };
		AC659EC52550F28A00F5B84E /* SceneDelegate.swift in Sources */ = {isa = PBXBuildFile; fileRef = AC659EC42550F28A00F5B84E /* SceneDelegate.swift */; };
		AC659EC72550F28A00F5B84E /* ContactsViewController.swift in Sources */ = {isa = PBXBuildFile; fileRef = AC659EC62550F28A00F5B84E /* ContactsViewController.swift */; };
		AC659ECA2550F28A00F5B84E /* Main.storyboard in Resources */ = {isa = PBXBuildFile; fileRef = AC659EC82550F28A00F5B84E /* Main.storyboard */; };
		AC659ECC2550F28C00F5B84E /* Assets.xcassets in Resources */ = {isa = PBXBuildFile; fileRef = AC659ECB2550F28C00F5B84E /* Assets.xcassets */; };
		AC659ECF2550F28C00F5B84E /* LaunchScreen.storyboard in Resources */ = {isa = PBXBuildFile; fileRef = AC659ECD2550F28C00F5B84E /* LaunchScreen.storyboard */; };
		AC659EDB2550F39900F5B84E /* Contact.swift in Sources */ = {isa = PBXBuildFile; fileRef = AC659EDA2550F39900F5B84E /* Contact.swift */; };
		AC659EDD2550F50B00F5B84E /* Phone.swift in Sources */ = {isa = PBXBuildFile; fileRef = AC659EDC2550F50B00F5B84E /* Phone.swift */; };
		AC659EDF2550F52700F5B84E /* Address.swift in Sources */ = {isa = PBXBuildFile; fileRef = AC659EDE2550F52700F5B84E /* Address.swift */; };
		AC659EE22550F6B700F5B84E /* Constants.swift in Sources */ = {isa = PBXBuildFile; fileRef = AC659EE12550F6B700F5B84E /* Constants.swift */; };
		AC659EE42550FD5A00F5B84E /* agendaService.swift in Sources */ = {isa = PBXBuildFile; fileRef = AC659EE32550FD5A00F5B84E /* agendaService.swift */; };
		AC739C4225547500008A98D8 /* MainViewPresenter.swift in Sources */ = {isa = PBXBuildFile; fileRef = AC739C4125547500008A98D8 /* MainViewPresenter.swift */; };
/* End PBXBuildFile section */

/* Begin PBXFileReference section */
		86CE6F946085F961A57D3F4D /* Pods-agendaiOS.debug.xcconfig */ = {isa = PBXFileReference; includeInIndex = 1; lastKnownFileType = text.xcconfig; name = "Pods-agendaiOS.debug.xcconfig"; path = "Target Support Files/Pods-agendaiOS/Pods-agendaiOS.debug.xcconfig"; sourceTree = "<group>"; };
		AC0F6E09255224150029302A /* ContactTableViewCell.xib */ = {isa = PBXFileReference; lastKnownFileType = file.xib; path = ContactTableViewCell.xib; sourceTree = "<group>"; };
		AC0F6E0B2552250E0029302A /* ContactTableViewCell.swift */ = {isa = PBXFileReference; lastKnownFileType = sourcecode.swift; path = ContactTableViewCell.swift; sourceTree = "<group>"; };
		AC0F6E0D255228330029302A /* ContactDetailViewController.swift */ = {isa = PBXFileReference; lastKnownFileType = sourcecode.swift; path = ContactDetailViewController.swift; sourceTree = "<group>"; };
		AC659EBF2550F28A00F5B84E /* agendaiOS.app */ = {isa = PBXFileReference; explicitFileType = wrapper.application; includeInIndex = 0; path = agendaiOS.app; sourceTree = BUILT_PRODUCTS_DIR; };
		AC659EC22550F28A00F5B84E /* AppDelegate.swift */ = {isa = PBXFileReference; lastKnownFileType = sourcecode.swift; path = AppDelegate.swift; sourceTree = "<group>"; };
		AC659EC42550F28A00F5B84E /* SceneDelegate.swift */ = {isa = PBXFileReference; lastKnownFileType = sourcecode.swift; path = SceneDelegate.swift; sourceTree = "<group>"; };
		AC659EC62550F28A00F5B84E /* ContactsViewController.swift */ = {isa = PBXFileReference; lastKnownFileType = sourcecode.swift; path = ContactsViewController.swift; sourceTree = "<group>"; };
		AC659EC92550F28A00F5B84E /* Base */ = {isa = PBXFileReference; lastKnownFileType = file.storyboard; name = Base; path = Base.lproj/Main.storyboard; sourceTree = "<group>"; };
		AC659ECB2550F28C00F5B84E /* Assets.xcassets */ = {isa = PBXFileReference; lastKnownFileType = folder.assetcatalog; path = Assets.xcassets; sourceTree = "<group>"; };
		AC659ECE2550F28C00F5B84E /* Base */ = {isa = PBXFileReference; lastKnownFileType = file.storyboard; name = Base; path = Base.lproj/LaunchScreen.storyboard; sourceTree = "<group>"; };
		AC659ED02550F28C00F5B84E /* Info.plist */ = {isa = PBXFileReference; lastKnownFileType = text.plist.xml; path = Info.plist; sourceTree = "<group>"; };
		AC659EDA2550F39900F5B84E /* Contact.swift */ = {isa = PBXFileReference; lastKnownFileType = sourcecode.swift; path = Contact.swift; sourceTree = "<group>"; };
		AC659EDC2550F50B00F5B84E /* Phone.swift */ = {isa = PBXFileReference; lastKnownFileType = sourcecode.swift; path = Phone.swift; sourceTree = "<group>"; };
		AC659EDE2550F52700F5B84E /* Address.swift */ = {isa = PBXFileReference; lastKnownFileType = sourcecode.swift; path = Address.swift; sourceTree = "<group>"; };
		AC659EE12550F6B700F5B84E /* Constants.swift */ = {isa = PBXFileReference; lastKnownFileType = sourcecode.swift; path = Constants.swift; sourceTree = "<group>"; };
		AC659EE32550FD5A00F5B84E /* agendaService.swift */ = {isa = PBXFileReference; lastKnownFileType = sourcecode.swift; path = agendaService.swift; sourceTree = "<group>"; };
		AC739C4125547500008A98D8 /* MainViewPresenter.swift */ = {isa = PBXFileReference; lastKnownFileType = sourcecode.swift; path = MainViewPresenter.swift; sourceTree = "<group>"; };
		B03AD12D6532DE8D85FAD9B9 /* Pods_agendaiOS.framework */ = {isa = PBXFileReference; explicitFileType = wrapper.framework; includeInIndex = 0; path = Pods_agendaiOS.framework; sourceTree = BUILT_PRODUCTS_DIR; };
		B2B39CCD19CB64ADE5C47C9E /* Pods-agendaiOS.release.xcconfig */ = {isa = PBXFileReference; includeInIndex = 1; lastKnownFileType = text.xcconfig; name = "Pods-agendaiOS.release.xcconfig"; path = "Target Support Files/Pods-agendaiOS/Pods-agendaiOS.release.xcconfig"; sourceTree = "<group>"; };
/* End PBXFileReference section */

/* Begin PBXFrameworksBuildPhase section */
		AC659EBC2550F28A00F5B84E /* Frameworks */ = {
			isa = PBXFrameworksBuildPhase;
			buildActionMask = 2147483647;
			files = (
				678D91719B40177004B1D086 /* Pods_agendaiOS.framework in Frameworks */,
			);
			runOnlyForDeploymentPostprocessing = 0;
		};
/* End PBXFrameworksBuildPhase section */

/* Begin PBXGroup section */
		94B5253434717F54EAFF77B0 /* Frameworks */ = {
			isa = PBXGroup;
			children = (
				B03AD12D6532DE8D85FAD9B9 /* Pods_agendaiOS.framework */,
			);
			name = Frameworks;
			sourceTree = "<group>";
		};
		AC659EB62550F28A00F5B84E = {
			isa = PBXGroup;
			children = (
				AC659EC12550F28A00F5B84E /* agendaiOS */,
				AC659EC02550F28A00F5B84E /* Products */,
				E26F0316AD48838B56462003 /* Pods */,
				94B5253434717F54EAFF77B0 /* Frameworks */,
			);
			sourceTree = "<group>";
		};
		AC659EC02550F28A00F5B84E /* Products */ = {
			isa = PBXGroup;
			children = (
				AC659EBF2550F28A00F5B84E /* agendaiOS.app */,
			);
			name = Products;
			sourceTree = "<group>";
		};
		AC659EC12550F28A00F5B84E /* agendaiOS */ = {
			isa = PBXGroup;
			children = (
				AC659EE02550F69E00F5B84E /* Constants */,
				AC659ED92550F38900F5B84E /* Models */,
				AC659ED82550F38100F5B84E /* Services */,
				AC659ED72550F37000F5B84E /* Views */,
				AC659ED62550F31A00F5B84E /* Controllers */,
				AC659EC22550F28A00F5B84E /* AppDelegate.swift */,
				AC659EC42550F28A00F5B84E /* SceneDelegate.swift */,
				AC659ECB2550F28C00F5B84E /* Assets.xcassets */,
				AC659ECD2550F28C00F5B84E /* LaunchScreen.storyboard */,
				AC659ED02550F28C00F5B84E /* Info.plist */,
				AC739C4125547500008A98D8 /* MainViewPresenter.swift */,
			);
			path = agendaiOS;
			sourceTree = "<group>";
		};
		AC659ED62550F31A00F5B84E /* Controllers */ = {
			isa = PBXGroup;
			children = (
				AC659EC62550F28A00F5B84E /* ContactsViewController.swift */,
				AC0F6E0D255228330029302A /* ContactDetailViewController.swift */,
			);
			path = Controllers;
			sourceTree = "<group>";
		};
		AC659ED72550F37000F5B84E /* Views */ = {
			isa = PBXGroup;
			children = (
				AC659EC82550F28A00F5B84E /* Main.storyboard */,
				AC0F6E09255224150029302A /* ContactTableViewCell.xib */,
				AC0F6E0B2552250E0029302A /* ContactTableViewCell.swift */,
			);
			path = Views;
			sourceTree = "<group>";
		};
		AC659ED82550F38100F5B84E /* Services */ = {
			isa = PBXGroup;
			children = (
				AC659EE32550FD5A00F5B84E /* agendaService.swift */,
			);
			path = Services;
			sourceTree = "<group>";
		};
		AC659ED92550F38900F5B84E /* Models */ = {
			isa = PBXGroup;
			children = (
				AC659EDA2550F39900F5B84E /* Contact.swift */,
				AC659EDC2550F50B00F5B84E /* Phone.swift */,
				AC659EDE2550F52700F5B84E /* Address.swift */,
			);
			path = Models;
			sourceTree = "<group>";
		};
		AC659EE02550F69E00F5B84E /* Constants */ = {
			isa = PBXGroup;
			children = (
				AC659EE12550F6B700F5B84E /* Constants.swift */,
			);
			path = Constants;
			sourceTree = "<group>";
		};
		E26F0316AD48838B56462003 /* Pods */ = {
			isa = PBXGroup;
			children = (
				86CE6F946085F961A57D3F4D /* Pods-agendaiOS.debug.xcconfig */,
				B2B39CCD19CB64ADE5C47C9E /* Pods-agendaiOS.release.xcconfig */,
			);
			path = Pods;
			sourceTree = "<group>";
		};
/* End PBXGroup section */

/* Begin PBXNativeTarget section */
		AC659EBE2550F28A00F5B84E /* agendaiOS */ = {
			isa = PBXNativeTarget;
			buildConfigurationList = AC659ED32550F28C00F5B84E /* Build configuration list for PBXNativeTarget "agendaiOS" */;
			buildPhases = (
				253AA6F9E4E3C0FBE7CFF6AC /* [CP] Check Pods Manifest.lock */,
				AC659EBB2550F28A00F5B84E /* Sources */,
				AC659EBC2550F28A00F5B84E /* Frameworks */,
				AC659EBD2550F28A00F5B84E /* Resources */,
				DD1125BF1BD00F12C8218A8E /* [CP] Embed Pods Frameworks */,
			);
			buildRules = (
			);
			dependencies = (
			);
			name = agendaiOS;
			productName = agendaiOS;
			productReference = AC659EBF2550F28A00F5B84E /* agendaiOS.app */;
			productType = "com.apple.product-type.application";
		};
/* End PBXNativeTarget section */

/* Begin PBXProject section */
		AC659EB72550F28A00F5B84E /* Project object */ = {
			isa = PBXProject;
			attributes = {
				LastSwiftUpdateCheck = 1140;
				LastUpgradeCheck = 1140;
				ORGANIZATIONNAME = "Alejandro de jesus";
				TargetAttributes = {
					AC659EBE2550F28A00F5B84E = {
						CreatedOnToolsVersion = 11.4;
					};
				};
			};
			buildConfigurationList = AC659EBA2550F28A00F5B84E /* Build configuration list for PBXProject "agendaiOS" */;
			compatibilityVersion = "Xcode 9.3";
			developmentRegion = en;
			hasScannedForEncodings = 0;
			knownRegions = (
				en,
				Base,
			);
			mainGroup = AC659EB62550F28A00F5B84E;
			productRefGroup = AC659EC02550F28A00F5B84E /* Products */;
			projectDirPath = "";
			projectRoot = "";
			targets = (
				AC659EBE2550F28A00F5B84E /* agendaiOS */,
			);
		};
/* End PBXProject section */

/* Begin PBXResourcesBuildPhase section */
		AC659EBD2550F28A00F5B84E /* Resources */ = {
			isa = PBXResourcesBuildPhase;
			buildActionMask = 2147483647;
			files = (
				AC0F6E0A255224150029302A /* ContactTableViewCell.xib in Resources */,
				AC659ECF2550F28C00F5B84E /* LaunchScreen.storyboard in Resources */,
				AC659ECC2550F28C00F5B84E /* Assets.xcassets in Resources */,
				AC659ECA2550F28A00F5B84E /* Main.storyboard in Resources */,
			);
			runOnlyForDeploymentPostprocessing = 0;
		};
/* End PBXResourcesBuildPhase section */

/* Begin PBXShellScriptBuildPhase section */
		253AA6F9E4E3C0FBE7CFF6AC /* [CP] Check Pods Manifest.lock */ = {
			isa = PBXShellScriptBuildPhase;
			buildActionMask = 2147483647;
			files = (
			);
			inputFileListPaths = (
			);
			inputPaths = (
				"${PODS_PODFILE_DIR_PATH}/Podfile.lock",
				"${PODS_ROOT}/Manifest.lock",
			);
			name = "[CP] Check Pods Manifest.lock";
			outputFileListPaths = (
			);
			outputPaths = (
				"$(DERIVED_FILE_DIR)/Pods-agendaiOS-checkManifestLockResult.txt",
			);
			runOnlyForDeploymentPostprocessing = 0;
			shellPath = /bin/sh;
			shellScript = "diff \"${PODS_PODFILE_DIR_PATH}/Podfile.lock\" \"${PODS_ROOT}/Manifest.lock\" > /dev/null\nif [ $? != 0 ] ; then\n    # print error to STDERR\n    echo \"error: The sandbox is not in sync with the Podfile.lock. Run 'pod install' or update your CocoaPods installation.\" >&2\n    exit 1\nfi\n# This output is used by Xcode 'outputs' to avoid re-running this script phase.\necho \"SUCCESS\" > \"${SCRIPT_OUTPUT_FILE_0}\"\n";
			showEnvVarsInLog = 0;
		};
		DD1125BF1BD00F12C8218A8E /* [CP] Embed Pods Frameworks */ = {
			isa = PBXShellScriptBuildPhase;
			buildActionMask = 2147483647;
			files = (
			);
			inputFileListPaths = (
				"${PODS_ROOT}/Target Support Files/Pods-agendaiOS/Pods-agendaiOS-frameworks-${CONFIGURATION}-input-files.xcfilelist",
			);
			name = "[CP] Embed Pods Frameworks";
			outputFileListPaths = (
				"${PODS_ROOT}/Target Support Files/Pods-agendaiOS/Pods-agendaiOS-frameworks-${CONFIGURATION}-output-files.xcfilelist",
			);
			runOnlyForDeploymentPostprocessing = 0;
			shellPath = /bin/sh;
			shellScript = "\"${PODS_ROOT}/Target Support Files/Pods-agendaiOS/Pods-agendaiOS-frameworks.sh\"\n";
			showEnvVarsInLog = 0;
		};
/* End PBXShellScriptBuildPhase section */

/* Begin PBXSourcesBuildPhase section */
		AC659EBB2550F28A00F5B84E /* Sources */ = {
			isa = PBXSourcesBuildPhase;
			buildActionMask = 2147483647;
			files = (
				AC659EDF2550F52700F5B84E /* Address.swift in Sources */,
				AC739C4225547500008A98D8 /* MainViewPresenter.swift in Sources */,
				AC659EDD2550F50B00F5B84E /* Phone.swift in Sources */,
				AC659EDB2550F39900F5B84E /* Contact.swift in Sources */,
				AC659EC72550F28A00F5B84E /* ContactsViewController.swift in Sources */,
				AC659EC32550F28A00F5B84E /* AppDelegate.swift in Sources */,
				AC659EE22550F6B700F5B84E /* Constants.swift in Sources */,
				AC0F6E0E255228330029302A /* ContactDetailViewController.swift in Sources */,
				AC0F6E0C2552250E0029302A /* ContactTableViewCell.swift in Sources */,
				AC659EC52550F28A00F5B84E /* SceneDelegate.swift in Sources */,
				AC659EE42550FD5A00F5B84E /* agendaService.swift in Sources */,
			);
			runOnlyForDeploymentPostprocessing = 0;
		};
/* End PBXSourcesBuildPhase section */

/* Begin PBXVariantGroup section */
		AC659EC82550F28A00F5B84E /* Main.storyboard */ = {
			isa = PBXVariantGroup;
			children = (
				AC659EC92550F28A00F5B84E /* Base */,
			);
			name = Main.storyboard;
			sourceTree = "<group>";
		};
		AC659ECD2550F28C00F5B84E /* LaunchScreen.storyboard */ = {
			isa = PBXVariantGroup;
			children = (
				AC659ECE2550F28C00F5B84E /* Base */,
			);
			name = LaunchScreen.storyboard;
			sourceTree = "<group>";
		};
/* End PBXVariantGroup section */

/* Begin XCBuildConfiguration section */
		AC659ED12550F28C00F5B84E /* Debug */ = {
			isa = XCBuildConfiguration;
			buildSettings = {
				ALWAYS_SEARCH_USER_PATHS = NO;
				CLANG_ANALYZER_NONNULL = YES;
				CLANG_ANALYZER_NUMBER_OBJECT_CONVERSION = YES_AGGRESSIVE;
				CLANG_CXX_LANGUAGE_STANDARD = "gnu++14";
				CLANG_CXX_LIBRARY = "libc++";
				CLANG_ENABLE_MODULES = YES;
				CLANG_ENABLE_OBJC_ARC = YES;
				CLANG_ENABLE_OBJC_WEAK = YES;
				CLANG_WARN_BLOCK_CAPTURE_AUTORELEASING = YES;
				CLANG_WARN_BOOL_CONVERSION = YES;
				CLANG_WARN_COMMA = YES;
				CLANG_WARN_CONSTANT_CONVERSION = YES;
				CLANG_WARN_DEPRECATED_OBJC_IMPLEMENTATIONS = YES;
				CLANG_WARN_DIRECT_OBJC_ISA_USAGE = YES_ERROR;
				CLANG_WARN_DOCUMENTATION_COMMENTS = YES;
				CLANG_WARN_EMPTY_BODY = YES;
				CLANG_WARN_ENUM_CONVERSION = YES;
				CLANG_WARN_INFINITE_RECURSION = YES;
				CLANG_WARN_INT_CONVERSION = YES;
				CLANG_WARN_NON_LITERAL_NULL_CONVERSION = YES;
				CLANG_WARN_OBJC_IMPLICIT_RETAIN_SELF = YES;
				CLANG_WARN_OBJC_LITERAL_CONVERSION = YES;
				CLANG_WARN_OBJC_ROOT_CLASS = YES_ERROR;
				CLANG_WARN_RANGE_LOOP_ANALYSIS = YES;
				CLANG_WARN_STRICT_PROTOTYPES = YES;
				CLANG_WARN_SUSPICIOUS_MOVE = YES;
				CLANG_WARN_UNGUARDED_AVAILABILITY = YES_AGGRESSIVE;
				CLANG_WARN_UNREACHABLE_CODE = YES;
				CLANG_WARN__DUPLICATE_METHOD_MATCH = YES;
				COPY_PHASE_STRIP = NO;
				DEBUG_INFORMATION_FORMAT = dwarf;
				ENABLE_STRICT_OBJC_MSGSEND = YES;
				ENABLE_TESTABILITY = YES;
				GCC_C_LANGUAGE_STANDARD = gnu11;
				GCC_DYNAMIC_NO_PIC = NO;
				GCC_NO_COMMON_BLOCKS = YES;
				GCC_OPTIMIZATION_LEVEL = 0;
				GCC_PREPROCESSOR_DEFINITIONS = (
					"DEBUG=1",
					"$(inherited)",
				);
				GCC_WARN_64_TO_32_BIT_CONVERSION = YES;
				GCC_WARN_ABOUT_RETURN_TYPE = YES_ERROR;
				GCC_WARN_UNDECLARED_SELECTOR = YES;
				GCC_WARN_UNINITIALIZED_AUTOS = YES_AGGRESSIVE;
				GCC_WARN_UNUSED_FUNCTION = YES;
				GCC_WARN_UNUSED_VARIABLE = YES;
				IPHONEOS_DEPLOYMENT_TARGET = 13.4;
				MTL_ENABLE_DEBUG_INFO = INCLUDE_SOURCE;
				MTL_FAST_MATH = YES;
				ONLY_ACTIVE_ARCH = YES;
				SDKROOT = iphoneos;
				SWIFT_ACTIVE_COMPILATION_CONDITIONS = DEBUG;
				SWIFT_OPTIMIZATION_LEVEL = "-Onone";
			};
			name = Debug;
		};
		AC659ED22550F28C00F5B84E /* Release */ = {
			isa = XCBuildConfiguration;
			buildSettings = {
				ALWAYS_SEARCH_USER_PATHS = NO;
				CLANG_ANALYZER_NONNULL = YES;
				CLANG_ANALYZER_NUMBER_OBJECT_CONVERSION = YES_AGGRESSIVE;
				CLANG_CXX_LANGUAGE_STANDARD = "gnu++14";
				CLANG_CXX_LIBRARY = "libc++";
				CLANG_ENABLE_MODULES = YES;
				CLANG_ENABLE_OBJC_ARC = YES;
				CLANG_ENABLE_OBJC_WEAK = YES;
				CLANG_WARN_BLOCK_CAPTURE_AUTORELEASING = YES;
				CLANG_WARN_BOOL_CONVERSION = YES;
				CLANG_WARN_COMMA = YES;
				CLANG_WARN_CONSTANT_CONVERSION = YES;
				CLANG_WARN_DEPRECATED_OBJC_IMPLEMENTATIONS = YES;
				CLANG_WARN_DIRECT_OBJC_ISA_USAGE = YES_ERROR;
				CLANG_WARN_DOCUMENTATION_COMMENTS = YES;
				CLANG_WARN_EMPTY_BODY = YES;
				CLANG_WARN_ENUM_CONVERSION = YES;
				CLANG_WARN_INFINITE_RECURSION = YES;
				CLANG_WARN_INT_CONVERSION = YES;
				CLANG_WARN_NON_LITERAL_NULL_CONVERSION = YES;
				CLANG_WARN_OBJC_IMPLICIT_RETAIN_SELF = YES;
				CLANG_WARN_OBJC_LITERAL_CONVERSION = YES;
				CLANG_WARN_OBJC_ROOT_CLASS = YES_ERROR;
				CLANG_WARN_RANGE_LOOP_ANALYSIS = YES;
				CLANG_WARN_STRICT_PROTOTYPES = YES;
				CLANG_WARN_SUSPICIOUS_MOVE = YES;
				CLANG_WARN_UNGUARDED_AVAILABILITY = YES_AGGRESSIVE;
				CLANG_WARN_UNREACHABLE_CODE = YES;
				CLANG_WARN__DUPLICATE_METHOD_MATCH = YES;
				COPY_PHASE_STRIP = NO;
				DEBUG_INFORMATION_FORMAT = "dwarf-with-dsym";
				ENABLE_NS_ASSERTIONS = NO;
				ENABLE_STRICT_OBJC_MSGSEND = YES;
				GCC_C_LANGUAGE_STANDARD = gnu11;
				GCC_NO_COMMON_BLOCKS = YES;
				GCC_WARN_64_TO_32_BIT_CONVERSION = YES;
				GCC_WARN_ABOUT_RETURN_TYPE = YES_ERROR;
				GCC_WARN_UNDECLARED_SELECTOR = YES;
				GCC_WARN_UNINITIALIZED_AUTOS = YES_AGGRESSIVE;
				GCC_WARN_UNUSED_FUNCTION = YES;
				GCC_WARN_UNUSED_VARIABLE = YES;
				IPHONEOS_DEPLOYMENT_TARGET = 13.4;
				MTL_ENABLE_DEBUG_INFO = NO;
				MTL_FAST_MATH = YES;
				SDKROOT = iphoneos;
				SWIFT_COMPILATION_MODE = wholemodule;
				SWIFT_OPTIMIZATION_LEVEL = "-O";
				VALIDATE_PRODUCT = YES;
			};
			name = Release;
		};
		AC659ED42550F28C00F5B84E /* Debug */ = {
			isa = XCBuildConfiguration;
			baseConfigurationReference = 86CE6F946085F961A57D3F4D /* Pods-agendaiOS.debug.xcconfig */;
			buildSettings = {
				ASSETCATALOG_COMPILER_APPICON_NAME = AppIcon;
				CODE_SIGN_STYLE = Automatic;
				DEVELOPMENT_TEAM = 2CAD6L7K33;
				INFOPLIST_FILE = agendaiOS/Info.plist;
				LD_RUNPATH_SEARCH_PATHS = (
					"$(inherited)",
					"@executable_path/Frameworks",
				);
				PRODUCT_BUNDLE_IDENTIFIER = co.pueba2.agendaiOS;
				PRODUCT_NAME = "$(TARGET_NAME)";
				SWIFT_VERSION = 5.0;
				TARGETED_DEVICE_FAMILY = "1,2";
			};
			name = Debug;
		};
		AC659ED52550F28C00F5B84E /* Release */ = {
			isa = XCBuildConfiguration;
			baseConfigurationReference = B2B39CCD19CB64ADE5C47C9E /* Pods-agendaiOS.release.xcconfig */;
			buildSettings = {
				ASSETCATALOG_COMPILER_APPICON_NAME = AppIcon;
				CODE_SIGN_STYLE = Automatic;
				DEVELOPMENT_TEAM = 2CAD6L7K33;
				INFOPLIST_FILE = agendaiOS/Info.plist;
				LD_RUNPATH_SEARCH_PATHS = (
					"$(inherited)",
					"@executable_path/Frameworks",
				);
				PRODUCT_BUNDLE_IDENTIFIER = co.pueba2.agendaiOS;
				PRODUCT_NAME = "$(TARGET_NAME)";
				SWIFT_VERSION = 5.0;
				TARGETED_DEVICE_FAMILY = "1,2";
			};
			name = Release;
		};
/* End XCBuildConfiguration section */

/* Begin XCConfigurationList section */
		AC659EBA2550F28A00F5B84E /* Build configuration list for PBXProject "agendaiOS" */ = {
			isa = XCConfigurationList;
			buildConfigurations = (
				AC659ED12550F28C00F5B84E /* Debug */,
				AC659ED22550F28C00F5B84E /* Release */,
			);
			defaultConfigurationIsVisible = 0;
			defaultConfigurationName = Release;
		};
		AC659ED32550F28C00F5B84E /* Build configuration list for PBXNativeTarget "agendaiOS" */ = {
			isa = XCConfigurationList;
			buildConfigurations = (
				AC659ED42550F28C00F5B84E /* Debug */,
				AC659ED52550F28C00F5B84E /* Release */,
			);
			defaultConfigurationIsVisible = 0;
			defaultConfigurationName = Release;
		};
/* End XCConfigurationList section */
	};
	rootObject = AC659EB72550F28A00F5B84E /* Project object */;
}
